
Microsoft Visual Studio Solution File, Format Version 12.00
# Visual Studio Version 17
VisualStudioVersion = 17.14.36408.4 d17.14
MinimumVisualStudioVersion = 10.0.40219.1
Project("{FAE04EC0-301F-11D3-BF4B-00C04F79EFBC}") = "ThreeChoices", "ThreeChoices\ThreeChoices.csproj", "{363B994D-B6F8-424C-9DAE-7BDF64EF2B7A}"
EndProject
Global
	GlobalSection(SolutionConfigurationPlatforms) = preSolution
		Debug|Any CPU = Debug|Any CPU
		Release|Any CPU = Release|Any CPU
	EndGlobalSection
	GlobalSection(ProjectConfigurationPlatforms) = postSolution
		{363B994D-B6F8-424C-9DAE-7BDF64EF2B7A}.Debug|Any CPU.ActiveCfg = Debug|Any CPU
		{363B994D-B6F8-424C-9DAE-7BDF64EF2B7A}.Debug|Any CPU.Build.0 = Debug|Any CPU
		{363B994D-B6F8-424C-9DAE-7BDF64EF2B7A}.Release|Any CPU.ActiveCfg = Release|Any CPU
		{363B994D-B6F8-424C-9DAE-7BDF64EF2B7A}.Release|Any CPU.Build.0 = Release|Any CPU
	EndGlobalSection
	GlobalSection(SolutionProperties) = preSolution
		HideSolutionNode = FALSE
	EndGlobalSection
	GlobalSection(ExtensibilityGlobals) = postSolution
		SolutionGuid = {37D2DA72-570F-4581-9320-A140C6EF79D2}
	EndGlobalSection
EndGlobal
